
Microsoft Visual Studio Solution File, Format Version 12.00
# Visual Studio Version 16
VisualStudioVersion = 16.0.31702.278
MinimumVisualStudioVersion = 10.0.40219.1
Project("{9A19103F-16F7-4668-BE54-9A1E7A4F7556}") = "InventarioAPI", "InventarioAPI\InventarioAPI.csproj", "{EC227D27-EBB1-4DE7-B475-E083FBF88B07}"
EndProject
Project("{FAE04EC0-301F-11D3-BF4B-00C04F79EFBC}") = "InventarioAPI.Models", "InventarioAPI.Models\InventarioAPI.Models.csproj", "{190CF731-E50C-4E3B-96E5-EB763367820E}"
EndProject
Project("{FAE04EC0-301F-11D3-BF4B-00C04F79EFBC}") = "InventarioAPI.Reposotory", "InventarioAPI.Reposotory\InventarioAPI.Reposotory.csproj", "{F4A40A69-523A-4BC5-AED8-96378EEBD215}"
EndProject
Global
	GlobalSection(SolutionConfigurationPlatforms) = preSolution
		Debug|Any CPU = Debug|Any CPU
		Release|Any CPU = Release|Any CPU
	EndGlobalSection
	GlobalSection(ProjectConfigurationPlatforms) = postSolution
		{EC227D27-EBB1-4DE7-B475-E083FBF88B07}.Debug|Any CPU.ActiveCfg = Debug|Any CPU
		{EC227D27-EBB1-4DE7-B475-E083FBF88B07}.Debug|Any CPU.Build.0 = Debug|Any CPU
		{EC227D27-EBB1-4DE7-B475-E083FBF88B07}.Release|Any CPU.ActiveCfg = Release|Any CPU
		{EC227D27-EBB1-4DE7-B475-E083FBF88B07}.Release|Any CPU.Build.0 = Release|Any CPU
		{190CF731-E50C-4E3B-96E5-EB763367820E}.Debug|Any CPU.ActiveCfg = Debug|Any CPU
		{190CF731-E50C-4E3B-96E5-EB763367820E}.Debug|Any CPU.Build.0 = Debug|Any CPU
		{190CF731-E50C-4E3B-96E5-EB763367820E}.Release|Any CPU.ActiveCfg = Release|Any CPU
		{190CF731-E50C-4E3B-96E5-EB763367820E}.Release|Any CPU.Build.0 = Release|Any CPU
		{F4A40A69-523A-4BC5-AED8-96378EEBD215}.Debug|Any CPU.ActiveCfg = Debug|Any CPU
		{F4A40A69-523A-4BC5-AED8-96378EEBD215}.Debug|Any CPU.Build.0 = Debug|Any CPU
		{F4A40A69-523A-4BC5-AED8-96378EEBD215}.Release|Any CPU.ActiveCfg = Release|Any CPU
		{F4A40A69-523A-4BC5-AED8-96378EEBD215}.Release|Any CPU.Build.0 = Release|Any CPU
	EndGlobalSection
	GlobalSection(SolutionProperties) = preSolution
		HideSolutionNode = FALSE
	EndGlobalSection
	GlobalSection(ExtensibilityGlobals) = postSolution
		SolutionGuid = {C83636FA-007F-4D28-ACBC-47E67B22225F}
	EndGlobalSection
EndGlobal
